
Microsoft Visual Studio Solution File, Format Version 12.00
Project("{FAE04EC0-301F-11D3-BF4B-00C04F79EFBC}") = "sitconnect", "sitconnect\sitconnect.csproj", "{5940FC52-934A-4BBB-B343-63C47F8BA058}"
EndProject
Global
	GlobalSection(SolutionConfigurationPlatforms) = preSolution
		Debug|Any CPU = Debug|Any CPU
		Release|Any CPU = Release|Any CPU
	EndGlobalSection
	GlobalSection(ProjectConfigurationPlatforms) = postSolution
		{5940FC52-934A-4BBB-B343-63C47F8BA058}.Debug|Any CPU.ActiveCfg = Debug|Any CPU
		{5940FC52-934A-4BBB-B343-63C47F8BA058}.Debug|Any CPU.Build.0 = Debug|Any CPU
		{5940FC52-934A-4BBB-B343-63C47F8BA058}.Release|Any CPU.ActiveCfg = Release|Any CPU
		{5940FC52-934A-4BBB-B343-63C47F8BA058}.Release|Any CPU.Build.0 = Release|Any CPU
	EndGlobalSection
EndGlobal
